
Microsoft Visual Studio Solution File, Format Version 12.00
# Visual Studio Version 17
VisualStudioVersion = 17.2.32630.192
MinimumVisualStudioVersion = 10.0.40219.1
Project("{FAE04EC0-301F-11D3-BF4B-00C04F79EFBC}") = "BSParser", "BSParser\BSParser.csproj", "{58BAE985-4F4C-4582-A83B-A264DE175A3E}"
EndProject
Global
	GlobalSection(SolutionConfigurationPlatforms) = preSolution
		Debug|Any CPU = Debug|Any CPU
		Release|Any CPU = Release|Any CPU
	EndGlobalSection
	GlobalSection(ProjectConfigurationPlatforms) = postSolution
		{58BAE985-4F4C-4582-A83B-A264DE175A3E}.Debug|Any CPU.ActiveCfg = Debug|Any CPU
		{58BAE985-4F4C-4582-A83B-A264DE175A3E}.Debug|Any CPU.Build.0 = Debug|Any CPU
		{58BAE985-4F4C-4582-A83B-A264DE175A3E}.Release|Any CPU.ActiveCfg = Release|Any CPU
		{58BAE985-4F4C-4582-A83B-A264DE175A3E}.Release|Any CPU.Build.0 = Release|Any CPU
	EndGlobalSection
	GlobalSection(SolutionProperties) = preSolution
		HideSolutionNode = FALSE
	EndGlobalSection
	GlobalSection(ExtensibilityGlobals) = postSolution
		SolutionGuid = {EB0B00EB-7440-40B9-B793-FFDCA1362108}
	EndGlobalSection
EndGlobal
